{
  "name": "project",
  "lockfileVersion": 2,
  "requires": true,
  "packages": {
    "": {
      "dependencies": {
        "react-recaptcha": "^2.3.10"
      }
    },
    "node_modules/react-recaptcha": {
      "version": "2.3.10",
      "resolved": "https://registry.npmjs.org/react-recaptcha/-/react-recaptcha-2.3.10.tgz",
      "integrity": "sha512-IyanbozsYCuHvTYDuskZTIEcRAMG/sdvAu5b29iQWoC8Kd3Zk9WGCv2oNxh6RfGHvSvgHAyaLjmC6ei/yMsJ7g=="
    }
  },
  "dependencies": {
    "react-recaptcha": {
      "version": "2.3.10",
      "resolved": "https://registry.npmjs.org/react-recaptcha/-/react-recaptcha-2.3.10.tgz",
      "integrity": "sha512-IyanbozsYCuHvTYDuskZTIEcRAMG/sdvAu5b29iQWoC8Kd3Zk9WGCv2oNxh6RfGHvSvgHAyaLjmC6ei/yMsJ7g=="
    }
  }
}
